
Microsoft Visual Studio Solution File, Format Version 12.00
# Visual Studio Version 17
VisualStudioVersion = 17.5.002.0
MinimumVisualStudioVersion = 10.0.40219.1
Project("{9A19103F-16F7-4668-BE54-9A1E7A4F7556}") = "PilaresPOO", "PilaresPOO.csproj", "{873F994F-EC57-4590-B260-A0C6539B40B3}"
EndProject
Global
	GlobalSection(SolutionConfigurationPlatforms) = preSolution
		Debug|Any CPU = Debug|Any CPU
		Release|Any CPU = Release|Any CPU
	EndGlobalSection
	GlobalSection(ProjectConfigurationPlatforms) = postSolution
		{873F994F-EC57-4590-B260-A0C6539B40B3}.Debug|Any CPU.ActiveCfg = Debug|Any CPU
		{873F994F-EC57-4590-B260-A0C6539B40B3}.Debug|Any CPU.Build.0 = Debug|Any CPU
		{873F994F-EC57-4590-B260-A0C6539B40B3}.Release|Any CPU.ActiveCfg = Release|Any CPU
		{873F994F-EC57-4590-B260-A0C6539B40B3}.Release|Any CPU.Build.0 = Release|Any CPU
	EndGlobalSection
	GlobalSection(SolutionProperties) = preSolution
		HideSolutionNode = FALSE
	EndGlobalSection
	GlobalSection(ExtensibilityGlobals) = postSolution
		SolutionGuid = {79C3BC55-03B6-4485-B6CF-86B5EA75DAC9}
	EndGlobalSection
EndGlobal
