
Microsoft Visual Studio Solution File, Format Version 12.00
# Visual Studio Version 17
VisualStudioVersion = 17.5.002.0
MinimumVisualStudioVersion = 10.0.40219.1
Project("{9A19103F-16F7-4668-BE54-9A1E7A4F7556}") = "ClasseObjeto", "ClasseObjeto\ClasseObjeto.csproj", "{CD97A913-282D-4E66-8CD2-A9C693AB1799}"
EndProject
Global
	GlobalSection(SolutionConfigurationPlatforms) = preSolution
		Debug|Any CPU = Debug|Any CPU
		Release|Any CPU = Release|Any CPU
	EndGlobalSection
	GlobalSection(ProjectConfigurationPlatforms) = postSolution
		{CD97A913-282D-4E66-8CD2-A9C693AB1799}.Debug|Any CPU.ActiveCfg = Debug|Any CPU
		{CD97A913-282D-4E66-8CD2-A9C693AB1799}.Debug|Any CPU.Build.0 = Debug|Any CPU
		{CD97A913-282D-4E66-8CD2-A9C693AB1799}.Release|Any CPU.ActiveCfg = Release|Any CPU
		{CD97A913-282D-4E66-8CD2-A9C693AB1799}.Release|Any CPU.Build.0 = Release|Any CPU
	EndGlobalSection
	GlobalSection(SolutionProperties) = preSolution
		HideSolutionNode = FALSE
	EndGlobalSection
	GlobalSection(ExtensibilityGlobals) = postSolution
		SolutionGuid = {75B5E18E-538A-4ACB-B2BA-F060F6458BE2}
	EndGlobalSection
EndGlobal
